
Microsoft Visual Studio Solution File, Format Version 12.00
# Visual Studio 15
VisualStudioVersion = 15.0.26430.15
MinimumVisualStudioVersion = 10.0.40219.1
Project("{2150E333-8FDC-42A3-9474-1A3956D46DE8}") = "Clientes", "Clientes", "{371E1B67-AFE7-4697-8246-6F46CC63E0AA}"
EndProject
Project("{2150E333-8FDC-42A3-9474-1A3956D46DE8}") = "Core", "Core", "{4897F6BB-8D98-4F4B-9DED-C78F57C45BA8}"
EndProject
Project("{2150E333-8FDC-42A3-9474-1A3956D46DE8}") = "CrossCutting", "CrossCutting", "{6EF03092-57DC-49A4-B6E4-C41D5BE93913}"
EndProject
Project("{2150E333-8FDC-42A3-9474-1A3956D46DE8}") = "Estabelecimentos", "Estabelecimentos", "{F2C61E94-DF47-40F1-81AD-E747E72156BD}"
EndProject
Project("{2150E333-8FDC-42A3-9474-1A3956D46DE8}") = "Pagamentos", "Pagamentos", "{A893AC6F-4C8C-4B04-8519-DB4EE39EB47B}"
EndProject
Project("{2150E333-8FDC-42A3-9474-1A3956D46DE8}") = "API", "API", "{D0E5EA36-B4A0-4B4C-BCBB-94D9A5DC2D45}"
EndProject
Project("{2150E333-8FDC-42A3-9474-1A3956D46DE8}") = "Domain", "Domain", "{80FE1BFA-F7F7-4E14-8A79-000E1BB85A9D}"
EndProject
Project("{2150E333-8FDC-42A3-9474-1A3956D46DE8}") = "Data", "Data", "{A1DF2620-94C4-48D1-8B08-646F24D7AA2B}"
EndProject
Project("{2150E333-8FDC-42A3-9474-1A3956D46DE8}") = "API", "API", "{AAC0C7E5-F8C6-44AB-A072-AFD5841F1A7E}"
EndProject
Project("{2150E333-8FDC-42A3-9474-1A3956D46DE8}") = "Data", "Data", "{8E1CEF6B-0823-4AA7-B83F-756BED8FC502}"
EndProject
Project("{2150E333-8FDC-42A3-9474-1A3956D46DE8}") = "Domain", "Domain", "{0D656670-865A-4F01-BE68-62F639ADC136}"
EndProject
Project("{2150E333-8FDC-42A3-9474-1A3956D46DE8}") = "Data", "Data", "{EEDFC8AD-E350-4B7B-8F11-25B65B7340FF}"
EndProject
Project("{2150E333-8FDC-42A3-9474-1A3956D46DE8}") = "Domain", "Domain", "{C5F83F14-0096-4DEE-BD60-5C210DE2B5E1}"
EndProject
Project("{2150E333-8FDC-42A3-9474-1A3956D46DE8}") = "API", "API", "{B8940F66-867E-4738-AD91-AE2170D297FE}"
EndProject
Project("{2150E333-8FDC-42A3-9474-1A3956D46DE8}") = "Identity", "Identity", "{0EB2C433-09C3-4AF4-8D5A-9D2A0C5D0682}"
EndProject
Project("{2150E333-8FDC-42A3-9474-1A3956D46DE8}") = "IoC", "IoC", "{B875DE1C-0693-4AC2-8349-A46DAFD07626}"
EndProject
Project("{9A19103F-16F7-4668-BE54-9A1E7A4F7556}") = "Clientes.API", "src\Clientes\API\Clientes.API.csproj", "{8A6279A4-67C2-4572-8024-E31810D4A2D4}"
EndProject
Project("{9A19103F-16F7-4668-BE54-9A1E7A4F7556}") = "Clientes.Data", "src\Clientes\Data\Clientes.Data.csproj", "{710CEC69-E29A-4186-9EC5-41F8C5AABDB1}"
EndProject
Project("{9A19103F-16F7-4668-BE54-9A1E7A4F7556}") = "Clientes.Domain", "src\Clientes\Domain\Clientes.Domain.csproj", "{ED12A5B4-B204-4D2E-A49B-88D9740152BD}"
EndProject
Project("{9A19103F-16F7-4668-BE54-9A1E7A4F7556}") = "Domain.Core", "src\Core\Domain.Core.csproj", "{A22C13A3-CE36-4CDF-8F2A-F7CAABB2AC93}"
EndProject
Project("{9A19103F-16F7-4668-BE54-9A1E7A4F7556}") = "CrossCutting.Identity", "src\CrossCutting\Identity\CrossCutting.Identity.csproj", "{7E1C82D2-B5D7-4DAD-AEAA-1EDCAA44E316}"
EndProject
Project("{9A19103F-16F7-4668-BE54-9A1E7A4F7556}") = "CrossCutting.IoC", "src\CrossCutting\IoC\CrossCutting.IoC.csproj", "{2D4F8361-8EFC-414C-9FDE-57373B629AD7}"
EndProject
Project("{9A19103F-16F7-4668-BE54-9A1E7A4F7556}") = "Estabelecimentos.API", "src\Estabelecimentos\API\Estabelecimentos.API.csproj", "{8FEF60E1-3BF7-4BF2-A354-34C7E8B2BC82}"
EndProject
Project("{9A19103F-16F7-4668-BE54-9A1E7A4F7556}") = "Estabelecimento.Data", "src\Estabelecimentos\Data\Estabelecimento.Data.csproj", "{6FD51156-E0A5-4555-AAF9-D814C160F577}"
EndProject
Project("{9A19103F-16F7-4668-BE54-9A1E7A4F7556}") = "Estabelecimentos.Domain", "src\Estabelecimentos\Domain\Estabelecimentos.Domain.csproj", "{9DC12DD6-B64D-4B84-90E4-10F2EAEBFB0E}"
EndProject
Project("{9A19103F-16F7-4668-BE54-9A1E7A4F7556}") = "Pagamentos.API", "src\Pagamentos\API\Pagamentos.API.csproj", "{6CF921BC-6A7D-41A7-BE07-67F758589F59}"
EndProject
Project("{9A19103F-16F7-4668-BE54-9A1E7A4F7556}") = "Pagamentos.Data", "src\Pagamentos\Data\Pagamentos.Data.csproj", "{69D84CE9-9D95-4708-B696-3B52157C0E38}"
EndProject
Project("{9A19103F-16F7-4668-BE54-9A1E7A4F7556}") = "Pagamentos.Domain", "src\Pagamentos\Domain\Pagamentos.Domain.csproj", "{A815511B-45D8-462F-B4E0-FF3DCA86B50F}"
EndProject
Project("{E53339B2-1760-4266-BCC7-CA923CBCF16C}") = "docker-compose", "docker-compose.dcproj", "{66709F80-845B-464E-8FBD-D957C7A26C65}"
EndProject
Project("{2150E333-8FDC-42A3-9474-1A3956D46DE8}") = "Test", "Test", "{1D4C65E5-EBF6-4A2C-B2DB-A42D8DA503A0}"
EndProject
Project("{2150E333-8FDC-42A3-9474-1A3956D46DE8}") = "Test", "Test", "{5ED78283-3B72-4E86-B013-041911E514AF}"
EndProject
Project("{2150E333-8FDC-42A3-9474-1A3956D46DE8}") = "Test", "Test", "{7723B4A2-976A-4A7A-8214-DEF55F4DB485}"
EndProject
Project("{9A19103F-16F7-4668-BE54-9A1E7A4F7556}") = "Clientes.Tests", "src\Clientes\Clientes.Tests\Clientes.Tests.csproj", "{6D5748BD-871C-4A20-893D-F37F8749B660}"
EndProject
Global
	GlobalSection(SolutionConfigurationPlatforms) = preSolution
		Debug|Any CPU = Debug|Any CPU
		Release|Any CPU = Release|Any CPU
	EndGlobalSection
	GlobalSection(ProjectConfigurationPlatforms) = postSolution
		{8A6279A4-67C2-4572-8024-E31810D4A2D4}.Debug|Any CPU.ActiveCfg = Debug|Any CPU
		{8A6279A4-67C2-4572-8024-E31810D4A2D4}.Debug|Any CPU.Build.0 = Debug|Any CPU
		{8A6279A4-67C2-4572-8024-E31810D4A2D4}.Release|Any CPU.ActiveCfg = Release|Any CPU
		{8A6279A4-67C2-4572-8024-E31810D4A2D4}.Release|Any CPU.Build.0 = Release|Any CPU
		{710CEC69-E29A-4186-9EC5-41F8C5AABDB1}.Debug|Any CPU.ActiveCfg = Debug|Any CPU
		{710CEC69-E29A-4186-9EC5-41F8C5AABDB1}.Debug|Any CPU.Build.0 = Debug|Any CPU
		{710CEC69-E29A-4186-9EC5-41F8C5AABDB1}.Release|Any CPU.ActiveCfg = Release|Any CPU
		{710CEC69-E29A-4186-9EC5-41F8C5AABDB1}.Release|Any CPU.Build.0 = Release|Any CPU
		{ED12A5B4-B204-4D2E-A49B-88D9740152BD}.Debug|Any CPU.ActiveCfg = Debug|Any CPU
		{ED12A5B4-B204-4D2E-A49B-88D9740152BD}.Debug|Any CPU.Build.0 = Debug|Any CPU
		{ED12A5B4-B204-4D2E-A49B-88D9740152BD}.Release|Any CPU.ActiveCfg = Release|Any CPU
		{ED12A5B4-B204-4D2E-A49B-88D9740152BD}.Release|Any CPU.Build.0 = Release|Any CPU
		{A22C13A3-CE36-4CDF-8F2A-F7CAABB2AC93}.Debug|Any CPU.ActiveCfg = Debug|Any CPU
		{A22C13A3-CE36-4CDF-8F2A-F7CAABB2AC93}.Debug|Any CPU.Build.0 = Debug|Any CPU
		{A22C13A3-CE36-4CDF-8F2A-F7CAABB2AC93}.Release|Any CPU.ActiveCfg = Release|Any CPU
		{A22C13A3-CE36-4CDF-8F2A-F7CAABB2AC93}.Release|Any CPU.Build.0 = Release|Any CPU
		{7E1C82D2-B5D7-4DAD-AEAA-1EDCAA44E316}.Debug|Any CPU.ActiveCfg = Debug|Any CPU
		{7E1C82D2-B5D7-4DAD-AEAA-1EDCAA44E316}.Debug|Any CPU.Build.0 = Debug|Any CPU
		{7E1C82D2-B5D7-4DAD-AEAA-1EDCAA44E316}.Release|Any CPU.ActiveCfg = Release|Any CPU
		{7E1C82D2-B5D7-4DAD-AEAA-1EDCAA44E316}.Release|Any CPU.Build.0 = Release|Any CPU
		{2D4F8361-8EFC-414C-9FDE-57373B629AD7}.Debug|Any CPU.ActiveCfg = Debug|Any CPU
		{2D4F8361-8EFC-414C-9FDE-57373B629AD7}.Debug|Any CPU.Build.0 = Debug|Any CPU
		{2D4F8361-8EFC-414C-9FDE-57373B629AD7}.Release|Any CPU.ActiveCfg = Release|Any CPU
		{2D4F8361-8EFC-414C-9FDE-57373B629AD7}.Release|Any CPU.Build.0 = Release|Any CPU
		{8FEF60E1-3BF7-4BF2-A354-34C7E8B2BC82}.Debug|Any CPU.ActiveCfg = Debug|Any CPU
		{8FEF60E1-3BF7-4BF2-A354-34C7E8B2BC82}.Debug|Any CPU.Build.0 = Debug|Any CPU
		{8FEF60E1-3BF7-4BF2-A354-34C7E8B2BC82}.Release|Any CPU.ActiveCfg = Release|Any CPU
		{8FEF60E1-3BF7-4BF2-A354-34C7E8B2BC82}.Release|Any CPU.Build.0 = Release|Any CPU
		{6FD51156-E0A5-4555-AAF9-D814C160F577}.Debug|Any CPU.ActiveCfg = Debug|Any CPU
		{6FD51156-E0A5-4555-AAF9-D814C160F577}.Debug|Any CPU.Build.0 = Debug|Any CPU
		{6FD51156-E0A5-4555-AAF9-D814C160F577}.Release|Any CPU.ActiveCfg = Release|Any CPU
		{6FD51156-E0A5-4555-AAF9-D814C160F577}.Release|Any CPU.Build.0 = Release|Any CPU
		{9DC12DD6-B64D-4B84-90E4-10F2EAEBFB0E}.Debug|Any CPU.ActiveCfg = Debug|Any CPU
		{9DC12DD6-B64D-4B84-90E4-10F2EAEBFB0E}.Debug|Any CPU.Build.0 = Debug|Any CPU
		{9DC12DD6-B64D-4B84-90E4-10F2EAEBFB0E}.Release|Any CPU.ActiveCfg = Release|Any CPU
		{9DC12DD6-B64D-4B84-90E4-10F2EAEBFB0E}.Release|Any CPU.Build.0 = Release|Any CPU
		{6CF921BC-6A7D-41A7-BE07-67F758589F59}.Debug|Any CPU.ActiveCfg = Debug|Any CPU
		{6CF921BC-6A7D-41A7-BE07-67F758589F59}.Debug|Any CPU.Build.0 = Debug|Any CPU
		{6CF921BC-6A7D-41A7-BE07-67F758589F59}.Release|Any CPU.ActiveCfg = Release|Any CPU
		{6CF921BC-6A7D-41A7-BE07-67F758589F59}.Release|Any CPU.Build.0 = Release|Any CPU
		{69D84CE9-9D95-4708-B696-3B52157C0E38}.Debug|Any CPU.ActiveCfg = Debug|Any CPU
		{69D84CE9-9D95-4708-B696-3B52157C0E38}.Debug|Any CPU.Build.0 = Debug|Any CPU
		{69D84CE9-9D95-4708-B696-3B52157C0E38}.Release|Any CPU.ActiveCfg = Release|Any CPU
		{69D84CE9-9D95-4708-B696-3B52157C0E38}.Release|Any CPU.Build.0 = Release|Any CPU
		{A815511B-45D8-462F-B4E0-FF3DCA86B50F}.Debug|Any CPU.ActiveCfg = Debug|Any CPU
		{A815511B-45D8-462F-B4E0-FF3DCA86B50F}.Debug|Any CPU.Build.0 = Debug|Any CPU
		{A815511B-45D8-462F-B4E0-FF3DCA86B50F}.Release|Any CPU.ActiveCfg = Release|Any CPU
		{A815511B-45D8-462F-B4E0-FF3DCA86B50F}.Release|Any CPU.Build.0 = Release|Any CPU
		{66709F80-845B-464E-8FBD-D957C7A26C65}.Debug|Any CPU.ActiveCfg = Debug|Any CPU
		{66709F80-845B-464E-8FBD-D957C7A26C65}.Debug|Any CPU.Build.0 = Debug|Any CPU
		{66709F80-845B-464E-8FBD-D957C7A26C65}.Release|Any CPU.ActiveCfg = Release|Any CPU
		{66709F80-845B-464E-8FBD-D957C7A26C65}.Release|Any CPU.Build.0 = Release|Any CPU
		{6D5748BD-871C-4A20-893D-F37F8749B660}.Debug|Any CPU.ActiveCfg = Debug|Any CPU
		{6D5748BD-871C-4A20-893D-F37F8749B660}.Debug|Any CPU.Build.0 = Debug|Any CPU
		{6D5748BD-871C-4A20-893D-F37F8749B660}.Release|Any CPU.ActiveCfg = Release|Any CPU
		{6D5748BD-871C-4A20-893D-F37F8749B660}.Release|Any CPU.Build.0 = Release|Any CPU
	EndGlobalSection
	GlobalSection(SolutionProperties) = preSolution
		HideSolutionNode = FALSE
	EndGlobalSection
	GlobalSection(NestedProjects) = preSolution
		{D0E5EA36-B4A0-4B4C-BCBB-94D9A5DC2D45} = {371E1B67-AFE7-4697-8246-6F46CC63E0AA}
		{80FE1BFA-F7F7-4E14-8A79-000E1BB85A9D} = {371E1B67-AFE7-4697-8246-6F46CC63E0AA}
		{A1DF2620-94C4-48D1-8B08-646F24D7AA2B} = {371E1B67-AFE7-4697-8246-6F46CC63E0AA}
		{AAC0C7E5-F8C6-44AB-A072-AFD5841F1A7E} = {F2C61E94-DF47-40F1-81AD-E747E72156BD}
		{8E1CEF6B-0823-4AA7-B83F-756BED8FC502} = {F2C61E94-DF47-40F1-81AD-E747E72156BD}
		{0D656670-865A-4F01-BE68-62F639ADC136} = {F2C61E94-DF47-40F1-81AD-E747E72156BD}
		{EEDFC8AD-E350-4B7B-8F11-25B65B7340FF} = {A893AC6F-4C8C-4B04-8519-DB4EE39EB47B}
		{C5F83F14-0096-4DEE-BD60-5C210DE2B5E1} = {A893AC6F-4C8C-4B04-8519-DB4EE39EB47B}
		{B8940F66-867E-4738-AD91-AE2170D297FE} = {A893AC6F-4C8C-4B04-8519-DB4EE39EB47B}
		{0EB2C433-09C3-4AF4-8D5A-9D2A0C5D0682} = {6EF03092-57DC-49A4-B6E4-C41D5BE93913}
		{B875DE1C-0693-4AC2-8349-A46DAFD07626} = {6EF03092-57DC-49A4-B6E4-C41D5BE93913}
		{8A6279A4-67C2-4572-8024-E31810D4A2D4} = {D0E5EA36-B4A0-4B4C-BCBB-94D9A5DC2D45}
		{710CEC69-E29A-4186-9EC5-41F8C5AABDB1} = {A1DF2620-94C4-48D1-8B08-646F24D7AA2B}
		{ED12A5B4-B204-4D2E-A49B-88D9740152BD} = {80FE1BFA-F7F7-4E14-8A79-000E1BB85A9D}
		{A22C13A3-CE36-4CDF-8F2A-F7CAABB2AC93} = {4897F6BB-8D98-4F4B-9DED-C78F57C45BA8}
		{7E1C82D2-B5D7-4DAD-AEAA-1EDCAA44E316} = {0EB2C433-09C3-4AF4-8D5A-9D2A0C5D0682}
		{2D4F8361-8EFC-414C-9FDE-57373B629AD7} = {B875DE1C-0693-4AC2-8349-A46DAFD07626}
		{8FEF60E1-3BF7-4BF2-A354-34C7E8B2BC82} = {AAC0C7E5-F8C6-44AB-A072-AFD5841F1A7E}
		{6FD51156-E0A5-4555-AAF9-D814C160F577} = {8E1CEF6B-0823-4AA7-B83F-756BED8FC502}
		{9DC12DD6-B64D-4B84-90E4-10F2EAEBFB0E} = {0D656670-865A-4F01-BE68-62F639ADC136}
		{6CF921BC-6A7D-41A7-BE07-67F758589F59} = {B8940F66-867E-4738-AD91-AE2170D297FE}
		{69D84CE9-9D95-4708-B696-3B52157C0E38} = {EEDFC8AD-E350-4B7B-8F11-25B65B7340FF}
		{A815511B-45D8-462F-B4E0-FF3DCA86B50F} = {C5F83F14-0096-4DEE-BD60-5C210DE2B5E1}
		{1D4C65E5-EBF6-4A2C-B2DB-A42D8DA503A0} = {F2C61E94-DF47-40F1-81AD-E747E72156BD}
		{5ED78283-3B72-4E86-B013-041911E514AF} = {A893AC6F-4C8C-4B04-8519-DB4EE39EB47B}
		{7723B4A2-976A-4A7A-8214-DEF55F4DB485} = {371E1B67-AFE7-4697-8246-6F46CC63E0AA}
		{6D5748BD-871C-4A20-893D-F37F8749B660} = {7723B4A2-976A-4A7A-8214-DEF55F4DB485}
	EndGlobalSection
EndGlobal
